
Microsoft Visual Studio Solution File, Format Version 12.00
# Visual Studio 2012
Project("{FAE04EC0-301F-11D3-BF4B-00C04F79EFBC}") = "Hushpuppy", "Hushpuppy\Hushpuppy.csproj", "{B5D8DBEE-FFDF-464C-B747-4C0154FF7664}"
EndProject
Project("{FAE04EC0-301F-11D3-BF4B-00C04F79EFBC}") = "Hushpuppy.Browser", "Hushpuppy.Browser\Hushpuppy.Browser.csproj", "{81DCBA1F-CF73-46D8-A060-C5C41C329D08}"
EndProject
Project("{FAE04EC0-301F-11D3-BF4B-00C04F79EFBC}") = "Hushpuppy.Torturer", "Hushpuppy.Torturer\Hushpuppy.Torturer.csproj", "{C471CFC8-B1E7-4635-B6D0-764142758042}"
EndProject
Project("{FAE04EC0-301F-11D3-BF4B-00C04F79EFBC}") = "Hushpuppy.Server", "Hushpuppy.Server\Hushpuppy.Server.csproj", "{AA6E6BD9-D3AA-49DB-8D3E-64D664F4BD54}"
EndProject
Global
	GlobalSection(SolutionConfigurationPlatforms) = preSolution
		Debug|x86 = Debug|x86
		Release|x86 = Release|x86
	EndGlobalSection
	GlobalSection(ProjectConfigurationPlatforms) = postSolution
		{81DCBA1F-CF73-46D8-A060-C5C41C329D08}.Debug|x86.ActiveCfg = Debug|Any CPU
		{81DCBA1F-CF73-46D8-A060-C5C41C329D08}.Debug|x86.Build.0 = Debug|Any CPU
		{81DCBA1F-CF73-46D8-A060-C5C41C329D08}.Release|x86.ActiveCfg = Release|Any CPU
		{81DCBA1F-CF73-46D8-A060-C5C41C329D08}.Release|x86.Build.0 = Release|Any CPU
		{AA6E6BD9-D3AA-49DB-8D3E-64D664F4BD54}.Debug|x86.ActiveCfg = Debug|x86
		{AA6E6BD9-D3AA-49DB-8D3E-64D664F4BD54}.Debug|x86.Build.0 = Debug|x86
		{AA6E6BD9-D3AA-49DB-8D3E-64D664F4BD54}.Release|x86.ActiveCfg = Release|x86
		{AA6E6BD9-D3AA-49DB-8D3E-64D664F4BD54}.Release|x86.Build.0 = Release|x86
		{B5D8DBEE-FFDF-464C-B747-4C0154FF7664}.Debug|x86.ActiveCfg = Debug|Any CPU
		{B5D8DBEE-FFDF-464C-B747-4C0154FF7664}.Debug|x86.Build.0 = Debug|Any CPU
		{B5D8DBEE-FFDF-464C-B747-4C0154FF7664}.Release|x86.ActiveCfg = Release|Any CPU
		{B5D8DBEE-FFDF-464C-B747-4C0154FF7664}.Release|x86.Build.0 = Release|Any CPU
		{C471CFC8-B1E7-4635-B6D0-764142758042}.Debug|x86.ActiveCfg = Debug|x86
		{C471CFC8-B1E7-4635-B6D0-764142758042}.Debug|x86.Build.0 = Debug|x86
		{C471CFC8-B1E7-4635-B6D0-764142758042}.Release|x86.ActiveCfg = Release|x86
		{C471CFC8-B1E7-4635-B6D0-764142758042}.Release|x86.Build.0 = Release|x86
	EndGlobalSection
	GlobalSection(MonoDevelopProperties) = preSolution
		Policies = $0
		$0.StandardHeader = $1
		$1.Text = @ \n This file is a part of Hushpuppy <https://github.com/piedar/Hushpuppy>.\n \n Author(s):\n      ${AuthorName} <${AuthorEmail}>\n\n Copyright (c) ${Year} ${CopyrightHolder}\n\n This program is free software: you can redistribute it and/or modify\n it under the terms of the GNU General Public License as published by\n the Free Software Foundation, either version 3 of the License, or\n (at your option) any later version.\n\n This program is distributed in the hope that it will be useful,\n but WITHOUT ANY WARRANTY; without even the implied warranty of\n MERCHANTABILITY or FITNESS FOR A PARTICULAR PURPOSE.  See the\n GNU General Public License for more details.\n\n You should have received a copy of the GNU General Public License\n along with this program.  If not, see <http://www.gnu.org/licenses/>\n.
		$1.IncludeInNewFiles = True
		$0.NameConventionPolicy = $2
		$2.Rules = $3
		$3.NamingRule = $4
		$4.Name = Namespaces
		$4.AffectedEntity = Namespace
		$4.VisibilityMask = VisibilityMask
		$4.NamingStyle = PascalCase
		$4.IncludeInstanceMembers = True
		$4.IncludeStaticEntities = True
		$3.NamingRule = $5
		$5.Name = Types
		$5.AffectedEntity = Class, Struct, Enum, Delegate
		$5.VisibilityMask = Public
		$5.NamingStyle = PascalCase
		$5.IncludeInstanceMembers = True
		$5.IncludeStaticEntities = True
		$3.NamingRule = $6
		$6.Name = Interfaces
		$6.RequiredPrefixes = $7
		$7.String = I
		$6.AffectedEntity = Interface
		$6.VisibilityMask = Public
		$6.NamingStyle = PascalCase
		$6.IncludeInstanceMembers = True
		$6.IncludeStaticEntities = True
		$3.NamingRule = $8
		$8.Name = Attributes
		$8.RequiredSuffixes = $9
		$9.String = Attribute
		$8.AffectedEntity = CustomAttributes
		$8.VisibilityMask = Public
		$8.NamingStyle = PascalCase
		$8.IncludeInstanceMembers = True
		$8.IncludeStaticEntities = True
		$3.NamingRule = $10
		$10.Name = Event Arguments
		$10.RequiredSuffixes = $11
		$11.String = EventArgs
		$10.AffectedEntity = CustomEventArgs
		$10.VisibilityMask = Public
		$10.NamingStyle = PascalCase
		$10.IncludeInstanceMembers = True
		$10.IncludeStaticEntities = True
		$3.NamingRule = $12
		$12.Name = Exceptions
		$12.RequiredSuffixes = $13
		$13.String = Exception
		$12.AffectedEntity = CustomExceptions
		$12.VisibilityMask = VisibilityMask
		$12.NamingStyle = PascalCase
		$12.IncludeInstanceMembers = True
		$12.IncludeStaticEntities = True
		$3.NamingRule = $14
		$14.Name = Methods
		$14.AffectedEntity = Methods
		$14.VisibilityMask = Protected, Public
		$14.NamingStyle = PascalCase
		$14.IncludeInstanceMembers = True
		$14.IncludeStaticEntities = True
		$3.NamingRule = $15
		$15.Name = Static Readonly Fields
		$15.AffectedEntity = ReadonlyField
		$15.VisibilityMask = Protected, Public
		$15.NamingStyle = PascalCase
		$15.IncludeInstanceMembers = False
		$15.IncludeStaticEntities = True
		$3.NamingRule = $16
		$16.Name = Fields
		$16.AffectedEntity = Field
		$16.VisibilityMask = Protected, Public
		$16.NamingStyle = PascalCase
		$16.IncludeInstanceMembers = True
		$16.IncludeStaticEntities = True
		$3.NamingRule = $17
		$17.Name = ReadOnly Fields
		$17.AffectedEntity = ReadonlyField
		$17.VisibilityMask = Protected, Public
		$17.NamingStyle = PascalCase
		$17.IncludeInstanceMembers = True
		$17.IncludeStaticEntities = False
		$3.NamingRule = $18
		$18.Name = Constant Fields
		$18.AffectedEntity = ConstantField
		$18.VisibilityMask = Protected, Public
		$18.NamingStyle = PascalCase
		$18.IncludeInstanceMembers = True
		$18.IncludeStaticEntities = True
		$3.NamingRule = $19
		$19.Name = Properties
		$19.AffectedEntity = Property
		$19.VisibilityMask = Protected, Public
		$19.NamingStyle = PascalCase
		$19.IncludeInstanceMembers = True
		$19.IncludeStaticEntities = True
		$3.NamingRule = $20
		$20.Name = Events
		$20.AffectedEntity = Event
		$20.VisibilityMask = Protected, Public
		$20.NamingStyle = PascalCase
		$20.IncludeInstanceMembers = True
		$20.IncludeStaticEntities = True
		$3.NamingRule = $21
		$21.Name = Enum Members
		$21.AffectedEntity = EnumMember
		$21.VisibilityMask = VisibilityMask
		$21.NamingStyle = PascalCase
		$21.IncludeInstanceMembers = True
		$21.IncludeStaticEntities = True
		$3.NamingRule = $22
		$22.Name = Parameters
		$22.AffectedEntity = Parameter
		$22.VisibilityMask = VisibilityMask
		$22.NamingStyle = CamelCase
		$22.IncludeInstanceMembers = True
		$22.IncludeStaticEntities = True
		$3.NamingRule = $23
		$23.Name = Type Parameters
		$23.RequiredPrefixes = $24
		$24.String = T
		$23.AffectedEntity = TypeParameter
		$23.VisibilityMask = VisibilityMask
		$23.NamingStyle = PascalCase
		$23.IncludeInstanceMembers = True
		$23.IncludeStaticEntities = True
		$0.DotNetNamingPolicy = $25
		$25.DirectoryNamespaceAssociation = None
		$25.ResourceNamePolicy = FileFormatDefault
		$0.TextStylePolicy = $26
		$26.FileWidth = 120
		$26.TabsToSpaces = False
		$26.NoTabsAfterNonTabs = True
		$26.inheritsSet = VisualStudio
		$26.inheritsScope = text/plain
		$26.scope = text/x-csharp
		$0.CSharpFormattingPolicy = $27
		$27.IndentSwitchBody = True
		$27.AnonymousMethodBraceStyle = NextLine
		$27.PropertyBraceStyle = NextLine
		$27.PropertyGetBraceStyle = NextLine
		$27.PropertySetBraceStyle = NextLine
		$27.EventBraceStyle = NextLine
		$27.EventAddBraceStyle = NextLine
		$27.EventRemoveBraceStyle = NextLine
		$27.StatementBraceStyle = NextLine
		$27.ElseNewLinePlacement = NewLine
		$27.ElseIfNewLinePlacement = NewLine
		$27.CatchNewLinePlacement = NewLine
		$27.FinallyNewLinePlacement = NewLine
		$27.WhileNewLinePlacement = NewLine
		$27.ArrayInitializerWrapping = DoNotChange
		$27.BeforeMethodDeclarationParentheses = False
		$27.BeforeMethodCallParentheses = False
		$27.BeforeConstructorDeclarationParentheses = False
		$27.BeforeIndexerDeclarationBracket = False
		$27.AfterDelegateDeclarationParameterComma = True
		$27.NewParentheses = False
		$27.SpacesBeforeBrackets = False
		$27.inheritsSet = Mono
		$27.inheritsScope = text/x-csharp
		$27.scope = text/x-csharp
		$0.TextStylePolicy = $28
		$28.FileWidth = 120
		$28.TabsToSpaces = False
		$28.inheritsSet = VisualStudio
		$28.inheritsScope = text/plain
		$28.scope = text/plain
		$0.TextStylePolicy = $29
		$29.inheritsSet = null
		$29.scope = application/config+xml
		$0.XmlFormattingPolicy = $30
		$30.inheritsSet = null
		$30.scope = application/config+xml
	EndGlobalSection
EndGlobal
